
Microsoft Visual Studio Solution File, Format Version 12.00
# Visual Studio Version 17
VisualStudioVersion = 17.5.002.0
MinimumVisualStudioVersion = 10.0.40219.1
Project("{9A19103F-16F7-4668-BE54-9A1E7A4F7556}") = "WWWRootAndStaticFiles", "WWWRootAndStaticFiles.csproj", "{8DA99C88-E8CE-427E-BDA7-197DEAEB14FC}"
EndProject
Global
	GlobalSection(SolutionConfigurationPlatforms) = preSolution
		Debug|Any CPU = Debug|Any CPU
		Release|Any CPU = Release|Any CPU
	EndGlobalSection
	GlobalSection(ProjectConfigurationPlatforms) = postSolution
		{8DA99C88-E8CE-427E-BDA7-197DEAEB14FC}.Debug|Any CPU.ActiveCfg = Debug|Any CPU
		{8DA99C88-E8CE-427E-BDA7-197DEAEB14FC}.Debug|Any CPU.Build.0 = Debug|Any CPU
		{8DA99C88-E8CE-427E-BDA7-197DEAEB14FC}.Release|Any CPU.ActiveCfg = Release|Any CPU
		{8DA99C88-E8CE-427E-BDA7-197DEAEB14FC}.Release|Any CPU.Build.0 = Release|Any CPU
	EndGlobalSection
	GlobalSection(SolutionProperties) = preSolution
		HideSolutionNode = FALSE
	EndGlobalSection
	GlobalSection(ExtensibilityGlobals) = postSolution
		SolutionGuid = {B391AAF4-2E28-454B-AA26-C8FCE1004937}
	EndGlobalSection
EndGlobal
